
Microsoft Visual Studio Solution File, Format Version 12.00
# Visual Studio Version 17
VisualStudioVersion = 17.3.32901.215
MinimumVisualStudioVersion = 10.0.40219.1
Project("{FAE04EC0-301F-11D3-BF4B-00C04F79EFBC}") = "Mads opg 5", "Mads opg 5\Mads opg 5.csproj", "{79DFA563-4953-41A9-A1A1-4E603DEFF198}"
EndProject
Global
	GlobalSection(SolutionConfigurationPlatforms) = preSolution
		Debug|Any CPU = Debug|Any CPU
		Release|Any CPU = Release|Any CPU
	EndGlobalSection
	GlobalSection(ProjectConfigurationPlatforms) = postSolution
		{79DFA563-4953-41A9-A1A1-4E603DEFF198}.Debug|Any CPU.ActiveCfg = Debug|Any CPU
		{79DFA563-4953-41A9-A1A1-4E603DEFF198}.Debug|Any CPU.Build.0 = Debug|Any CPU
		{79DFA563-4953-41A9-A1A1-4E603DEFF198}.Release|Any CPU.ActiveCfg = Release|Any CPU
		{79DFA563-4953-41A9-A1A1-4E603DEFF198}.Release|Any CPU.Build.0 = Release|Any CPU
	EndGlobalSection
	GlobalSection(SolutionProperties) = preSolution
		HideSolutionNode = FALSE
	EndGlobalSection
	GlobalSection(ExtensibilityGlobals) = postSolution
		SolutionGuid = {2F34D612-D9C5-4A43-8655-55B1AA08045A}
	EndGlobalSection
EndGlobal
